
Microsoft Visual Studio Solution File, Format Version 12.00
# Visual Studio Version 17
VisualStudioVersion = 17.0.32112.339
MinimumVisualStudioVersion = 10.0.40219.1
Project("{FAE04EC0-301F-11D3-BF4B-00C04F79EFBC}") = "Bookstore.Service", "Bookstore.Service\Bookstore.Service.csproj", "{2C49F3F1-0FE4-4337-A33C-D15B8BC80F77}"
EndProject
Global
	GlobalSection(SolutionConfigurationPlatforms) = preSolution
		Debug|Any CPU = Debug|Any CPU
		Release|Any CPU = Release|Any CPU
	EndGlobalSection
	GlobalSection(ProjectConfigurationPlatforms) = postSolution
		{2C49F3F1-0FE4-4337-A33C-D15B8BC80F77}.Debug|Any CPU.ActiveCfg = Debug|Any CPU
		{2C49F3F1-0FE4-4337-A33C-D15B8BC80F77}.Debug|Any CPU.Build.0 = Debug|Any CPU
		{2C49F3F1-0FE4-4337-A33C-D15B8BC80F77}.Release|Any CPU.ActiveCfg = Release|Any CPU
		{2C49F3F1-0FE4-4337-A33C-D15B8BC80F77}.Release|Any CPU.Build.0 = Release|Any CPU
	EndGlobalSection
	GlobalSection(SolutionProperties) = preSolution
		HideSolutionNode = FALSE
	EndGlobalSection
	GlobalSection(ExtensibilityGlobals) = postSolution
		SolutionGuid = {146D2EDD-F5BA-4ED6-8A95-571725ACE856}
	EndGlobalSection
EndGlobal
